
Microsoft Visual Studio Solution File, Format Version 12.00
# Visual Studio Version 17
VisualStudioVersion = 17.13.35919.96 d17.13
MinimumVisualStudioVersion = 10.0.40219.1
Project("{FAE04EC0-301F-11D3-BF4B-00C04F79EFBC}") = "Project_Tests", "Project_Tests\Project_Tests.csproj", "{79873BD3-0E09-4CAD-8E4A-5A4D33DA0852}"
EndProject
Global
	GlobalSection(SolutionConfigurationPlatforms) = preSolution
		Debug|Any CPU = Debug|Any CPU
		Release|Any CPU = Release|Any CPU
	EndGlobalSection
	GlobalSection(ProjectConfigurationPlatforms) = postSolution
		{79873BD3-0E09-4CAD-8E4A-5A4D33DA0852}.Debug|Any CPU.ActiveCfg = Debug|Any CPU
		{79873BD3-0E09-4CAD-8E4A-5A4D33DA0852}.Debug|Any CPU.Build.0 = Debug|Any CPU
		{79873BD3-0E09-4CAD-8E4A-5A4D33DA0852}.Release|Any CPU.ActiveCfg = Release|Any CPU
		{79873BD3-0E09-4CAD-8E4A-5A4D33DA0852}.Release|Any CPU.Build.0 = Release|Any CPU
	EndGlobalSection
	GlobalSection(SolutionProperties) = preSolution
		HideSolutionNode = FALSE
	EndGlobalSection
	GlobalSection(ExtensibilityGlobals) = postSolution
		SolutionGuid = {E50C7C70-254F-4DC0-A5A2-4E43831E036B}
	EndGlobalSection
EndGlobal
